
Microsoft Visual Studio Solution File, Format Version 12.00
# Visual Studio Version 17
VisualStudioVersion = 17.1.31911.260
MinimumVisualStudioVersion = 10.0.40219.1
Project("{FAE04EC0-301F-11D3-BF4B-00C04F79EFBC}") = "SampleRoutingAgent", "SampleRoutingAgent.csproj", "{E321D44B-1C4A-408A-B97E-6C55A5D5D211}"
EndProject
Global
	GlobalSection(SolutionConfigurationPlatforms) = preSolution
		Debug|Any CPU = Debug|Any CPU
		Release|Any CPU = Release|Any CPU
	EndGlobalSection
	GlobalSection(ProjectConfigurationPlatforms) = postSolution
		{E321D44B-1C4A-408A-B97E-6C55A5D5D211}.Debug|Any CPU.ActiveCfg = Debug|Any CPU
		{E321D44B-1C4A-408A-B97E-6C55A5D5D211}.Debug|Any CPU.Build.0 = Debug|Any CPU
		{E321D44B-1C4A-408A-B97E-6C55A5D5D211}.Release|Any CPU.ActiveCfg = Release|Any CPU
		{E321D44B-1C4A-408A-B97E-6C55A5D5D211}.Release|Any CPU.Build.0 = Release|Any CPU
	EndGlobalSection
	GlobalSection(SolutionProperties) = preSolution
		HideSolutionNode = FALSE
	EndGlobalSection
	GlobalSection(ExtensibilityGlobals) = postSolution
		SolutionGuid = {2D63E472-0F1E-4E9E-AF99-D6D28510B1B1}
	EndGlobalSection
EndGlobal
